
Microsoft Visual Studio Solution File, Format Version 12.00
# Visual Studio Version 16
VisualStudioVersion = 16.0.29509.3
MinimumVisualStudioVersion = 10.0.40219.1
Project("{FAE04EC0-301F-11D3-BF4B-00C04F79EFBC}") = "v1.API", "v1.API\v1.API.csproj", "{08E6BAA9-F9BB-4610-9AE9-A90F5CE4B0CA}"
EndProject
Project("{FAE04EC0-301F-11D3-BF4B-00C04F79EFBC}") = "v1.Domain", "v1.Domain\v1.Domain.csproj", "{D0724D67-6D1B-4D17-8D09-E7A48F51D296}"
EndProject
Project("{FAE04EC0-301F-11D3-BF4B-00C04F79EFBC}") = "v1.Application", "v1.Application\v1.Application.csproj", "{EE60A5D4-7AF5-4668-8E9D-DE56DEA06588}"
EndProject
Project("{FAE04EC0-301F-11D3-BF4B-00C04F79EFBC}") = "v1.DTO", "v1.DTO\v1.DTO.csproj", "{464617BB-2E07-4D1F-854B-58FC6F4568DA}"
EndProject
Global
	GlobalSection(SolutionConfigurationPlatforms) = preSolution
		Debug|Any CPU = Debug|Any CPU
		Release|Any CPU = Release|Any CPU
	EndGlobalSection
	GlobalSection(ProjectConfigurationPlatforms) = postSolution
		{08E6BAA9-F9BB-4610-9AE9-A90F5CE4B0CA}.Debug|Any CPU.ActiveCfg = Debug|Any CPU
		{08E6BAA9-F9BB-4610-9AE9-A90F5CE4B0CA}.Debug|Any CPU.Build.0 = Debug|Any CPU
		{08E6BAA9-F9BB-4610-9AE9-A90F5CE4B0CA}.Release|Any CPU.ActiveCfg = Release|Any CPU
		{08E6BAA9-F9BB-4610-9AE9-A90F5CE4B0CA}.Release|Any CPU.Build.0 = Release|Any CPU
		{D0724D67-6D1B-4D17-8D09-E7A48F51D296}.Debug|Any CPU.ActiveCfg = Debug|Any CPU
		{D0724D67-6D1B-4D17-8D09-E7A48F51D296}.Debug|Any CPU.Build.0 = Debug|Any CPU
		{D0724D67-6D1B-4D17-8D09-E7A48F51D296}.Release|Any CPU.ActiveCfg = Release|Any CPU
		{D0724D67-6D1B-4D17-8D09-E7A48F51D296}.Release|Any CPU.Build.0 = Release|Any CPU
		{EE60A5D4-7AF5-4668-8E9D-DE56DEA06588}.Debug|Any CPU.ActiveCfg = Debug|Any CPU
		{EE60A5D4-7AF5-4668-8E9D-DE56DEA06588}.Debug|Any CPU.Build.0 = Debug|Any CPU
		{EE60A5D4-7AF5-4668-8E9D-DE56DEA06588}.Release|Any CPU.ActiveCfg = Release|Any CPU
		{EE60A5D4-7AF5-4668-8E9D-DE56DEA06588}.Release|Any CPU.Build.0 = Release|Any CPU
		{464617BB-2E07-4D1F-854B-58FC6F4568DA}.Debug|Any CPU.ActiveCfg = Debug|Any CPU
		{464617BB-2E07-4D1F-854B-58FC6F4568DA}.Debug|Any CPU.Build.0 = Debug|Any CPU
		{464617BB-2E07-4D1F-854B-58FC6F4568DA}.Release|Any CPU.ActiveCfg = Release|Any CPU
		{464617BB-2E07-4D1F-854B-58FC6F4568DA}.Release|Any CPU.Build.0 = Release|Any CPU
	EndGlobalSection
	GlobalSection(SolutionProperties) = preSolution
		HideSolutionNode = FALSE
	EndGlobalSection
	GlobalSection(ExtensibilityGlobals) = postSolution
		SolutionGuid = {E2A9D7E4-F0B5-4078-BDA3-E706D4FF33FE}
	EndGlobalSection
EndGlobal
